
Microsoft Visual Studio Solution File, Format Version 12.00
# Visual Studio Version 17
VisualStudioVersion = 17.6.33815.320
MinimumVisualStudioVersion = 10.0.40219.1
Project("{FAE04EC0-301F-11D3-BF4B-00C04F79EFBC}") = "WriteHello", "WriteHello\WriteHello.csproj", "{828C536B-F127-4E32-8D6F-901FFB2734BB}"
EndProject
Global
	GlobalSection(SolutionConfigurationPlatforms) = preSolution
		Debug|Any CPU = Debug|Any CPU
		Release|Any CPU = Release|Any CPU
	EndGlobalSection
	GlobalSection(ProjectConfigurationPlatforms) = postSolution
		{828C536B-F127-4E32-8D6F-901FFB2734BB}.Debug|Any CPU.ActiveCfg = Debug|Any CPU
		{828C536B-F127-4E32-8D6F-901FFB2734BB}.Debug|Any CPU.Build.0 = Debug|Any CPU
		{828C536B-F127-4E32-8D6F-901FFB2734BB}.Release|Any CPU.ActiveCfg = Release|Any CPU
		{828C536B-F127-4E32-8D6F-901FFB2734BB}.Release|Any CPU.Build.0 = Release|Any CPU
	EndGlobalSection
	GlobalSection(SolutionProperties) = preSolution
		HideSolutionNode = FALSE
	EndGlobalSection
	GlobalSection(ExtensibilityGlobals) = postSolution
		SolutionGuid = {5A08FF2D-1D47-46CE-AB9B-E9CE725B8244}
	EndGlobalSection
EndGlobal
